github.com/MartinSimango/gocpperror v0.0.0-20210526095644-d65fc4e00318 h1:qBJRGggjNZmO2ifdZH0d4lUYNnFuNo1vZIDScIJqNOI=
github.com/MartinSimango/gocpperror v0.0.0-20210526095644-d65fc4e00318/go.mod h1:HwWH29tjo0oKMzMOavYmpvrWkOWeSrOHGABHfoKY0RU=
github.com/MartinSimango/gocpperror v0.0.0-20210527222750-0ab81c467dfb h1:HDq5pTfElkaopaAVu7CPlqlUcWklh9U6cApBInxk3NU=
github.com/MartinSimango/gocpperror v0.0.0-20210527222750-0ab81c467dfb/go.mod h1:HwWH29tjo0oKMzMOavYmpvrWkOWeSrOHGABHfoKY0RU=
